<?xml version="1.0" encoding="UTF-8" standalone="yes" ?>
<CodeBlocks_project_file>
	<FileVersion major="1" minor="6" />
	<Project>
		<Option title="ProjektProgramowanie-codeblocks" />
		<Option execution_dir="/home/temper/ProjektProgramowanie/ProjektProgramowanie" />
		<Option pch_mode="2" />
		<Option compiler="gcc" />
		<Build>
			<Target title="Debug">
				<Option output="bin/Debug/ProjektProgramowanie-codeblocks" prefix_auto="1" extension_auto="1" />
				<Option object_output="obj/Debug/" />
				<Option type="1" />
				<Option compiler="gcc" />
				<Compiler>
					<Add option="-g" />
					<Add directory="include" />
					<Add directory="ProjektProgramowanie/include" />
				</Compiler>
				<Linker>
					<Add library="ProjektProgramowanie/lib/libSDL3.so" />
					<Add library="ProjektProgramowanie/lib/libSDL3_image.so" />
					<Add library="ProjektProgramowanie/lib/libSDL3_ttf.so" />
					<Add directory="ProjektProgramowanie/lib" />
				</Linker>
			</Target>
			<Target title="Release">
				<Option output="bin/Release/ProjektProgramowanie-codeblocks" prefix_auto="1" extension_auto="1" />
				<Option object_output="obj/Release/" />
				<Option type="1" />
				<Option compiler="gcc" />
				<Compiler>
					<Add option="-O2" />
					<Add directory="include" />
					<Add directory="ProjektProgramowanie/include" />
				</Compiler>
				<Linker>
					<Add option="-s" />
				</Linker>
			</Target>
		</Build>
		<Compiler>
			<Add option="-Wall" />
		</Compiler>
		<Linker>
			<Add option="-lm" />
		</Linker>
		<Unit filename="ProjektProgramowanie/include/Controls.h" />
		<Unit filename="ProjektProgramowanie/include/HUD.h" />
		<Unit filename="ProjektProgramowanie/include/Object.h" />
		<Unit filename="ProjektProgramowanie/include/Player.h" />
		<Unit filename="ProjektProgramowanie/include/Technical.h" />
		<Unit filename="ProjektProgramowanie/include/Timer.h" />
		<Unit filename="ProjektProgramowanie/include/object_init.h" />
		<Unit filename="ProjektProgramowanie/include/structs.h" />
		<Unit filename="ProjektProgramowanie/src/Controls.cpp" />
		<Unit filename="ProjektProgramowanie/src/HUD.cpp" />
		<Unit filename="ProjektProgramowanie/src/Object.cpp" />
		<Unit filename="ProjektProgramowanie/src/Player.cpp" />
		<Unit filename="ProjektProgramowanie/src/Technical.cpp" />
		<Unit filename="ProjektProgramowanie/src/Timer.cpp" />
		<Unit filename="ProjektProgramowanie/src/main.cpp" />
		<Extensions>
			<lib_finder disable_auto="1" />
		</Extensions>
	</Project>
</CodeBlocks_project_file>
